// !$*UTF8*$!
{
	archiveVersion = 1;
	classes = {
	};
	objectVersion = 48;
	objects = {

/* Begin PBXBuildFile section */
		4E358EAD2016E25200290B4A /* TriangleNumbers.cpp in Sources */ = {isa = PBXBuildFile; fileRef = 4E358EAB2016E25200290B4A /* TriangleNumbers.cpp */; };
		4E358EB120171A5200290B4A /* TPH.cpp in Sources */ = {isa = PBXBuildFile; fileRef = 4E358EAF20171A5200290B4A /* TPH.cpp */; };
		4E358EB42018222800290B4A /* Clock Sequence.cpp in Sources */ = {isa = PBXBuildFile; fileRef = 4E358EB22018222800290B4A /* Clock Sequence.cpp */; };
		4E3964302010AB9E00FC6045 /* Counting_Stars.cpp in Sources */ = {isa = PBXBuildFile; fileRef = 4E39642E2010AB9E00FC6045 /* Counting_Stars.cpp */; };
		4E42CFA32012FC4C0088B219 /* Tarifa.cpp in Sources */ = {isa = PBXBuildFile; fileRef = 4E42CFA12012FC4C0088B219 /* Tarifa.cpp */; };
		4E42CFA6201301190088B219 /* Set.cpp in Sources */ = {isa = PBXBuildFile; fileRef = 4E42CFA4201301190088B219 /* Set.cpp */; };
		4E42CFA920132B470088B219 /* Frosh.cpp in Sources */ = {isa = PBXBuildFile; fileRef = 4E42CFA720132B470088B219 /* Frosh.cpp */; };
		4E42CFAF201431E00088B219 /* Coloring.cpp in Sources */ = {isa = PBXBuildFile; fileRef = 4E42CFAD201431E00088B219 /* Coloring.cpp */; };
		4E42CFB220143FA60088B219 /* FWeek.cpp in Sources */ = {isa = PBXBuildFile; fileRef = 4E42CFB020143FA60088B219 /* FWeek.cpp */; };
		4E79BA32200E0C3D00C959A5 /* ACM.cpp in Sources */ = {isa = PBXBuildFile; fileRef = 4E79BA30200E0C3D00C959A5 /* ACM.cpp */; };
		4E79BA35200E19A400C959A5 /* minions.cpp in Sources */ = {isa = PBXBuildFile; fileRef = 4E79BA33200E19A400C959A5 /* minions.cpp */; };
		4E79BA38200F435A00C959A5 /* Multigram.cpp in Sources */ = {isa = PBXBuildFile; fileRef = 4E79BA36200F435A00C959A5 /* Multigram.cpp */; };
		4EBDB7501FF4E40400FD854F /* main.cpp in Sources */ = {isa = PBXBuildFile; fileRef = 4EBDB74F1FF4E40400FD854F /* main.cpp */; };
		4EC159C72007A953007251AD /* Print3D.cpp in Sources */ = {isa = PBXBuildFile; fileRef = 4EC159C52007A953007251AD /* Print3D.cpp */; };
/* End PBXBuildFile section */

/* Begin PBXCopyFilesBuildPhase section */
		4EBDB74A1FF4E40400FD854F /* CopyFiles */ = {
			isa = PBXCopyFilesBuildPhase;
			buildActionMask = 2147483647;
			dstPath = /usr/share/man/man1/;
			dstSubfolderSpec = 0;
			files = (
			);
			runOnlyForDeploymentPostprocessing = 1;
		};
/* End PBXCopyFilesBuildPhase section */

/* Begin PBXFileReference section */
		4E358EAB2016E25200290B4A /* TriangleNumbers.cpp */ = {isa = PBXFileReference; lastKnownFileType = sourcecode.cpp.cpp; path = TriangleNumbers.cpp; sourceTree = "<group>"; };
		4E358EAC2016E25200290B4A /* TriangleNumbers.hpp */ = {isa = PBXFileReference; lastKnownFileType = sourcecode.cpp.h; path = TriangleNumbers.hpp; sourceTree = "<group>"; };
		4E358EAE2016E85500290B4A /* words.txt */ = {isa = PBXFileReference; fileEncoding = 4; lastKnownFileType = text; path = words.txt; sourceTree = "<group>"; };
		4E358EAF20171A5200290B4A /* TPH.cpp */ = {isa = PBXFileReference; lastKnownFileType = sourcecode.cpp.cpp; path = TPH.cpp; sourceTree = "<group>"; };
		4E358EB020171A5200290B4A /* TPH.hpp */ = {isa = PBXFileReference; lastKnownFileType = sourcecode.cpp.h; path = TPH.hpp; sourceTree = "<group>"; };
		4E358EB22018222800290B4A /* Clock Sequence.cpp */ = {isa = PBXFileReference; lastKnownFileType = sourcecode.cpp.cpp; path = "Clock Sequence.cpp"; sourceTree = "<group>"; };
		4E358EB32018222800290B4A /* Clock Sequence.hpp */ = {isa = PBXFileReference; lastKnownFileType = sourcecode.cpp.h; path = "Clock Sequence.hpp"; sourceTree = "<group>"; };
		4E39642E2010AB9E00FC6045 /* Counting_Stars.cpp */ = {isa = PBXFileReference; lastKnownFileType = sourcecode.cpp.cpp; path = Counting_Stars.cpp; sourceTree = "<group>"; };
		4E39642F2010AB9E00FC6045 /* Counting_Stars.hpp */ = {isa = PBXFileReference; lastKnownFileType = sourcecode.cpp.h; path = Counting_Stars.hpp; sourceTree = "<group>"; };
		4E42CFA12012FC4C0088B219 /* Tarifa.cpp */ = {isa = PBXFileReference; lastKnownFileType = sourcecode.cpp.cpp; name = Tarifa.cpp; path = ../Tarifa.cpp; sourceTree = "<group>"; };
		4E42CFA22012FC4C0088B219 /* Tarifa.hpp */ = {isa = PBXFileReference; lastKnownFileType = sourcecode.cpp.h; path = Tarifa.hpp; sourceTree = "<group>"; };
		4E42CFA4201301190088B219 /* Set.cpp */ = {isa = PBXFileReference; lastKnownFileType = sourcecode.cpp.cpp; path = Set.cpp; sourceTree = "<group>"; };
		4E42CFA5201301190088B219 /* Set.hpp */ = {isa = PBXFileReference; lastKnownFileType = sourcecode.cpp.h; path = Set.hpp; sourceTree = "<group>"; };
		4E42CFA720132B470088B219 /* Frosh.cpp */ = {isa = PBXFileReference; lastKnownFileType = sourcecode.cpp.cpp; path = Frosh.cpp; sourceTree = "<group>"; };
		4E42CFA820132B470088B219 /* Frosh.hpp */ = {isa = PBXFileReference; lastKnownFileType = sourcecode.cpp.h; path = Frosh.hpp; sourceTree = "<group>"; };
		4E42CFAD201431E00088B219 /* Coloring.cpp */ = {isa = PBXFileReference; lastKnownFileType = sourcecode.cpp.cpp; path = Coloring.cpp; sourceTree = "<group>"; };
		4E42CFAE201431E00088B219 /* Coloring.hpp */ = {isa = PBXFileReference; lastKnownFileType = sourcecode.cpp.h; path = Coloring.hpp; sourceTree = "<group>"; };
		4E42CFB020143FA60088B219 /* FWeek.cpp */ = {isa = PBXFileReference; lastKnownFileType = sourcecode.cpp.cpp; path = FWeek.cpp; sourceTree = "<group>"; };
		4E42CFB120143FA60088B219 /* FWeek.hpp */ = {isa = PBXFileReference; lastKnownFileType = sourcecode.cpp.h; path = FWeek.hpp; sourceTree = "<group>"; };
		4E79BA30200E0C3D00C959A5 /* ACM.cpp */ = {isa = PBXFileReference; lastKnownFileType = sourcecode.cpp.cpp; path = ACM.cpp; sourceTree = "<group>"; };
		4E79BA31200E0C3D00C959A5 /* ACM.hpp */ = {isa = PBXFileReference; lastKnownFileType = sourcecode.cpp.h; path = ACM.hpp; sourceTree = "<group>"; };
		4E79BA33200E19A400C959A5 /* minions.cpp */ = {isa = PBXFileReference; lastKnownFileType = sourcecode.cpp.cpp; path = minions.cpp; sourceTree = "<group>"; };
		4E79BA34200E19A400C959A5 /* minions.hpp */ = {isa = PBXFileReference; lastKnownFileType = sourcecode.cpp.h; path = minions.hpp; sourceTree = "<group>"; };
		4E79BA36200F435A00C959A5 /* Multigram.cpp */ = {isa = PBXFileReference; lastKnownFileType = sourcecode.cpp.cpp; path = Multigram.cpp; sourceTree = "<group>"; };
		4E79BA37200F435A00C959A5 /* Multigram.hpp */ = {isa = PBXFileReference; lastKnownFileType = sourcecode.cpp.h; path = Multigram.hpp; sourceTree = "<group>"; };
		4EBDB74C1FF4E40400FD854F /* C++ Exercises */ = {isa = PBXFileReference; explicitFileType = "compiled.mach-o.executable"; includeInIndex = 0; path = "C++ Exercises"; sourceTree = BUILT_PRODUCTS_DIR; };
		4EBDB74F1FF4E40400FD854F /* main.cpp */ = {isa = PBXFileReference; lastKnownFileType = sourcecode.cpp.cpp; path = main.cpp; sourceTree = "<group>"; };
		4EC159C52007A953007251AD /* Print3D.cpp */ = {isa = PBXFileReference; lastKnownFileType = sourcecode.cpp.cpp; path = Print3D.cpp; sourceTree = "<group>"; };
		4EC159C62007A953007251AD /* Print3D.hpp */ = {isa = PBXFileReference; lastKnownFileType = sourcecode.cpp.h; path = Print3D.hpp; sourceTree = "<group>"; };
/* End PBXFileReference section */

/* Begin PBXFrameworksBuildPhase section */
		4EBDB7491FF4E40400FD854F /* Frameworks */ = {
			isa = PBXFrameworksBuildPhase;
			buildActionMask = 2147483647;
			files = (
			);
			runOnlyForDeploymentPostprocessing = 0;
		};
/* End PBXFrameworksBuildPhase section */

/* Begin PBXGroup section */
		4EBDB7431FF4E40400FD854F = {
			isa = PBXGroup;
			children = (
				4EBDB74E1FF4E40400FD854F /* C++ Exercises */,
				4EBDB74D1FF4E40400FD854F /* Products */,
			);
			sourceTree = "<group>";
		};
		4EBDB74D1FF4E40400FD854F /* Products */ = {
			isa = PBXGroup;
			children = (
				4EBDB74C1FF4E40400FD854F /* C++ Exercises */,
			);
			name = Products;
			sourceTree = "<group>";
		};
		4EBDB74E1FF4E40400FD854F /* C++ Exercises */ = {
			isa = PBXGroup;
			children = (
				4E42CFA12012FC4C0088B219 /* Tarifa.cpp */,
				4E42CFA22012FC4C0088B219 /* Tarifa.hpp */,
				4E79BA30200E0C3D00C959A5 /* ACM.cpp */,
				4E79BA31200E0C3D00C959A5 /* ACM.hpp */,
				4EBDB74F1FF4E40400FD854F /* main.cpp */,
				4E358EAC2016E25200290B4A /* TriangleNumbers.hpp */,
				4E42CFA4201301190088B219 /* Set.cpp */,
				4E42CFA5201301190088B219 /* Set.hpp */,
				4E42CFA720132B470088B219 /* Frosh.cpp */,
				4E42CFA820132B470088B219 /* Frosh.hpp */,
				4E39642E2010AB9E00FC6045 /* Counting_Stars.cpp */,
				4E42CFAD201431E00088B219 /* Coloring.cpp */,
				4E42CFAE201431E00088B219 /* Coloring.hpp */,
				4E42CFB020143FA60088B219 /* FWeek.cpp */,
				4E42CFB120143FA60088B219 /* FWeek.hpp */,
				4E39642F2010AB9E00FC6045 /* Counting_Stars.hpp */,
				4E79BA36200F435A00C959A5 /* Multigram.cpp */,
				4E79BA37200F435A00C959A5 /* Multigram.hpp */,
				4E79BA33200E19A400C959A5 /* minions.cpp */,
				4E79BA34200E19A400C959A5 /* minions.hpp */,
				4EC159C52007A953007251AD /* Print3D.cpp */,
				4EC159C62007A953007251AD /* Print3D.hpp */,
				4E358EAB2016E25200290B4A /* TriangleNumbers.cpp */,
				4E358EAE2016E85500290B4A /* words.txt */,
				4E358EAF20171A5200290B4A /* TPH.cpp */,
				4E358EB22018222800290B4A /* Clock Sequence.cpp */,
				4E358EB32018222800290B4A /* Clock Sequence.hpp */,
				4E358EB020171A5200290B4A /* TPH.hpp */,
			);
			path = "C++ Exercises";
			sourceTree = "<group>";
		};
/* End PBXGroup section */

/* Begin PBXNativeTarget section */
		4EBDB74B1FF4E40400FD854F /* C++ Exercises */ = {
			isa = PBXNativeTarget;
			buildConfigurationList = 4EBDB7531FF4E40500FD854F /* Build configuration list for PBXNativeTarget "C++ Exercises" */;
			buildPhases = (
				4EBDB7481FF4E40400FD854F /* Sources */,
				4EBDB7491FF4E40400FD854F /* Frameworks */,
				4EBDB74A1FF4E40400FD854F /* CopyFiles */,
			);
			buildRules = (
			);
			dependencies = (
			);
			name = "C++ Exercises";
			productName = "C++ Exercises";
			productReference = 4EBDB74C1FF4E40400FD854F /* C++ Exercises */;
			productType = "com.apple.product-type.tool";
		};
/* End PBXNativeTarget section */

/* Begin PBXProject section */
		4EBDB7441FF4E40400FD854F /* Project object */ = {
			isa = PBXProject;
			attributes = {
				LastUpgradeCheck = 0910;
				ORGANIZATIONNAME = "Jane Hsieh";
				TargetAttributes = {
					4EBDB74B1FF4E40400FD854F = {
						CreatedOnToolsVersion = 9.1;
						ProvisioningStyle = Automatic;
					};
				};
			};
			buildConfigurationList = 4EBDB7471FF4E40400FD854F /* Build configuration list for PBXProject "C++ Exercises" */;
			compatibilityVersion = "Xcode 8.0";
			developmentRegion = en;
			hasScannedForEncodings = 0;
			knownRegions = (
				en,
			);
			mainGroup = 4EBDB7431FF4E40400FD854F;
			productRefGroup = 4EBDB74D1FF4E40400FD854F /* Products */;
			projectDirPath = "";
			projectRoot = "";
			targets = (
				4EBDB74B1FF4E40400FD854F /* C++ Exercises */,
			);
		};
/* End PBXProject section */

/* Begin PBXSourcesBuildPhase section */
		4EBDB7481FF4E40400FD854F /* Sources */ = {
			isa = PBXSourcesBuildPhase;
			buildActionMask = 2147483647;
			files = (
				4E42CFA32012FC4C0088B219 /* Tarifa.cpp in Sources */,
				4E79BA32200E0C3D00C959A5 /* ACM.cpp in Sources */,
				4E358EAD2016E25200290B4A /* TriangleNumbers.cpp in Sources */,
				4E42CFAF201431E00088B219 /* Coloring.cpp in Sources */,
				4E358EB120171A5200290B4A /* TPH.cpp in Sources */,
				4E79BA35200E19A400C959A5 /* minions.cpp in Sources */,
				4E358EB42018222800290B4A /* Clock Sequence.cpp in Sources */,
				4E42CFA920132B470088B219 /* Frosh.cpp in Sources */,
				4E3964302010AB9E00FC6045 /* Counting_Stars.cpp in Sources */,
				4E42CFA6201301190088B219 /* Set.cpp in Sources */,
				4E42CFB220143FA60088B219 /* FWeek.cpp in Sources */,
				4E79BA38200F435A00C959A5 /* Multigram.cpp in Sources */,
				4EC159C72007A953007251AD /* Print3D.cpp in Sources */,
				4EBDB7501FF4E40400FD854F /* main.cpp in Sources */,
			);
			runOnlyForDeploymentPostprocessing = 0;
		};
/* End PBXSourcesBuildPhase section */

/* Begin XCBuildConfiguration section */
		4EBDB7511FF4E40400FD854F /* Debug */ = {
			isa = XCBuildConfiguration;
			buildSettings = {
				ALWAYS_SEARCH_USER_PATHS = NO;
				CLANG_ANALYZER_NONNULL = YES;
				CLANG_ANALYZER_NUMBER_OBJECT_CONVERSION = YES_AGGRESSIVE;
				CLANG_CXX_LANGUAGE_STANDARD = "gnu++14";
				CLANG_CXX_LIBRARY = "libc++";
				CLANG_ENABLE_MODULES = YES;
				CLANG_ENABLE_OBJC_ARC = YES;
				CLANG_WARN_BLOCK_CAPTURE_AUTORELEASING = YES;
				CLANG_WARN_BOOL_CONVERSION = YES;
				CLANG_WARN_COMMA = YES;
				CLANG_WARN_CONSTANT_CONVERSION = YES;
				CLANG_WARN_DIRECT_OBJC_ISA_USAGE = YES_ERROR;
				CLANG_WARN_DOCUMENTATION_COMMENTS = YES;
				CLANG_WARN_EMPTY_BODY = YES;
				CLANG_WARN_ENUM_CONVERSION = YES;
				CLANG_WARN_INFINITE_RECURSION = YES;
				CLANG_WARN_INT_CONVERSION = YES;
				CLANG_WARN_NON_LITERAL_NULL_CONVERSION = YES;
				CLANG_WARN_OBJC_LITERAL_CONVERSION = YES;
				CLANG_WARN_OBJC_ROOT_CLASS = YES_ERROR;
				CLANG_WARN_RANGE_LOOP_ANALYSIS = YES;
				CLANG_WARN_STRICT_PROTOTYPES = YES;
				CLANG_WARN_SUSPICIOUS_MOVE = YES;
				CLANG_WARN_UNGUARDED_AVAILABILITY = YES_AGGRESSIVE;
				CLANG_WARN_UNREACHABLE_CODE = YES;
				CLANG_WARN__DUPLICATE_METHOD_MATCH = YES;
				CODE_SIGN_IDENTITY = "Mac Developer";
				COPY_PHASE_STRIP = NO;
				DEBUG_INFORMATION_FORMAT = dwarf;
				ENABLE_STRICT_OBJC_MSGSEND = YES;
				ENABLE_TESTABILITY = YES;
				GCC_C_LANGUAGE_STANDARD = gnu11;
				GCC_DYNAMIC_NO_PIC = NO;
				GCC_NO_COMMON_BLOCKS = YES;
				GCC_OPTIMIZATION_LEVEL = 0;
				GCC_PREPROCESSOR_DEFINITIONS = (
					"DEBUG=1",
					"$(inherited)",
				);
				GCC_WARN_64_TO_32_BIT_CONVERSION = YES;
				GCC_WARN_ABOUT_RETURN_TYPE = YES_ERROR;
				GCC_WARN_UNDECLARED_SELECTOR = YES;
				GCC_WARN_UNINITIALIZED_AUTOS = YES_AGGRESSIVE;
				GCC_WARN_UNUSED_FUNCTION = YES;
				GCC_WARN_UNUSED_VARIABLE = YES;
				MACOSX_DEPLOYMENT_TARGET = 10.13;
				MTL_ENABLE_DEBUG_INFO = YES;
				ONLY_ACTIVE_ARCH = YES;
				SDKROOT = macosx;
			};
			name = Debug;
		};
		4EBDB7521FF4E40400FD854F /* Release */ = {
			isa = XCBuildConfiguration;
			buildSettings = {
				ALWAYS_SEARCH_USER_PATHS = NO;
				CLANG_ANALYZER_NONNULL = YES;
				CLANG_ANALYZER_NUMBER_OBJECT_CONVERSION = YES_AGGRESSIVE;
				CLANG_CXX_LANGUAGE_STANDARD = "gnu++14";
				CLANG_CXX_LIBRARY = "libc++";
				CLANG_ENABLE_MODULES = YES;
				CLANG_ENABLE_OBJC_ARC = YES;
				CLANG_WARN_BLOCK_CAPTURE_AUTORELEASING = YES;
				CLANG_WARN_BOOL_CONVERSION = YES;
				CLANG_WARN_COMMA = YES;
				CLANG_WARN_CONSTANT_CONVERSION = YES;
				CLANG_WARN_DIRECT_OBJC_ISA_USAGE = YES_ERROR;
				CLANG_WARN_DOCUMENTATION_COMMENTS = YES;
				CLANG_WARN_EMPTY_BODY = YES;
				CLANG_WARN_ENUM_CONVERSION = YES;
				CLANG_WARN_INFINITE_RECURSION = YES;
				CLANG_WARN_INT_CONVERSION = YES;
				CLANG_WARN_NON_LITERAL_NULL_CONVERSION = YES;
				CLANG_WARN_OBJC_LITERAL_CONVERSION = YES;
				CLANG_WARN_OBJC_ROOT_CLASS = YES_ERROR;
				CLANG_WARN_RANGE_LOOP_ANALYSIS = YES;
				CLANG_WARN_STRICT_PROTOTYPES = YES;
				CLANG_WARN_SUSPICIOUS_MOVE = YES;
				CLANG_WARN_UNGUARDED_AVAILABILITY = YES_AGGRESSIVE;
				CLANG_WARN_UNREACHABLE_CODE = YES;
				CLANG_WARN__DUPLICATE_METHOD_MATCH = YES;
				CODE_SIGN_IDENTITY = "Mac Developer";
				COPY_PHASE_STRIP = NO;
				DEBUG_INFORMATION_FORMAT = "dwarf-with-dsym";
				ENABLE_NS_ASSERTIONS = NO;
				ENABLE_STRICT_OBJC_MSGSEND = YES;
				GCC_C_LANGUAGE_STANDARD = gnu11;
				GCC_NO_COMMON_BLOCKS = YES;
				GCC_WARN_64_TO_32_BIT_CONVERSION = YES;
				GCC_WARN_ABOUT_RETURN_TYPE = YES_ERROR;
				GCC_WARN_UNDECLARED_SELECTOR = YES;
				GCC_WARN_UNINITIALIZED_AUTOS = YES_AGGRESSIVE;
				GCC_WARN_UNUSED_FUNCTION = YES;
				GCC_WARN_UNUSED_VARIABLE = YES;
				MACOSX_DEPLOYMENT_TARGET = 10.13;
				MTL_ENABLE_DEBUG_INFO = NO;
				SDKROOT = macosx;
			};
			name = Release;
		};
		4EBDB7541FF4E40500FD854F /* Debug */ = {
			isa = XCBuildConfiguration;
			buildSettings = {
				CODE_SIGN_STYLE = Automatic;
				DEVELOPMENT_TEAM = XZ2WXDWAHL;
				PRODUCT_NAME = "$(TARGET_NAME)";
			};
			name = Debug;
		};
		4EBDB7551FF4E40500FD854F /* Release */ = {
			isa = XCBuildConfiguration;
			buildSettings = {
				CODE_SIGN_STYLE = Automatic;
				DEVELOPMENT_TEAM = XZ2WXDWAHL;
				PRODUCT_NAME = "$(TARGET_NAME)";
			};
			name = Release;
		};
/* End XCBuildConfiguration section */

/* Begin XCConfigurationList section */
		4EBDB7471FF4E40400FD854F /* Build configuration list for PBXProject "C++ Exercises" */ = {
			isa = XCConfigurationList;
			buildConfigurations = (
				4EBDB7511FF4E40400FD854F /* Debug */,
				4EBDB7521FF4E40400FD854F /* Release */,
			);
			defaultConfigurationIsVisible = 0;
			defaultConfigurationName = Release;
		};
		4EBDB7531FF4E40500FD854F /* Build configuration list for PBXNativeTarget "C++ Exercises" */ = {
			isa = XCConfigurationList;
			buildConfigurations = (
				4EBDB7541FF4E40500FD854F /* Debug */,
				4EBDB7551FF4E40500FD854F /* Release */,
			);
			defaultConfigurationIsVisible = 0;
			defaultConfigurationName = Release;
		};
/* End XCConfigurationList section */
	};
	rootObject = 4EBDB7441FF4E40400FD854F /* Project object */;
}
